SITE
  remote: http://community.opscode.com/api/v1
  specs:
    apt (1.6.0)
    build-essential (1.3.0)

GIT
  remote: git://github.com/fnichol/chef-rvm.git
  ref: v0.9.0
  sha: 4a408e5d6c5a52c37388a799c516430263339849
  specs:
    rvm (0.9.0)

DEPENDENCIES
  apt (>= 0)
  build-essential (>= 0)
  rvm (>= 0)

